
Microsoft Visual Studio Solution File, Format Version 12.00
# Visual Studio 14
VisualStudioVersion = 14.0.25420.1
MinimumVisualStudioVersion = 10.0.40219.1
Project("{FAE04EC0-301F-11D3-BF4B-00C04F79EFBC}") = "Hdnug.Web", "Hdnug.Web\Hdnug.Web.csproj", "{ED76609F-A3A0-4A9B-AC3A-F5ACF637A6EA}"
EndProject
Project("{FAE04EC0-301F-11D3-BF4B-00C04F79EFBC}") = "Hdnug.Web.Tests", "Hdnug.Web.Tests\Hdnug.Web.Tests.csproj", "{E0068B7D-76E3-4FFE-A053-C6FA3DEA57A8}"
EndProject
Project("{FAE04EC0-301F-11D3-BF4B-00C04F79EFBC}") = "Hdnug.Domain", "Hdnug.Domain\Hdnug.Domain.csproj", "{8E5FCDDC-2689-43F0-86AE-F16714EE7BC7}"
EndProject
Global
	GlobalSection(SolutionConfigurationPlatforms) = preSolution
		Debug|Any CPU = Debug|Any CPU
		Release|Any CPU = Release|Any CPU
	EndGlobalSection
	GlobalSection(ProjectConfigurationPlatforms) = postSolution
		{ED76609F-A3A0-4A9B-AC3A-F5ACF637A6EA}.Debug|Any CPU.ActiveCfg = Debug|Any CPU
		{ED76609F-A3A0-4A9B-AC3A-F5ACF637A6EA}.Debug|Any CPU.Build.0 = Debug|Any CPU
		{ED76609F-A3A0-4A9B-AC3A-F5ACF637A6EA}.Release|Any CPU.ActiveCfg = Release|Any CPU
		{ED76609F-A3A0-4A9B-AC3A-F5ACF637A6EA}.Release|Any CPU.Build.0 = Release|Any CPU
		{E0068B7D-76E3-4FFE-A053-C6FA3DEA57A8}.Debug|Any CPU.ActiveCfg = Debug|Any CPU
		{E0068B7D-76E3-4FFE-A053-C6FA3DEA57A8}.Debug|Any CPU.Build.0 = Debug|Any CPU
		{E0068B7D-76E3-4FFE-A053-C6FA3DEA57A8}.Release|Any CPU.ActiveCfg = Release|Any CPU
		{E0068B7D-76E3-4FFE-A053-C6FA3DEA57A8}.Release|Any CPU.Build.0 = Release|Any CPU
		{8E5FCDDC-2689-43F0-86AE-F16714EE7BC7}.Debug|Any CPU.ActiveCfg = Debug|Any CPU
		{8E5FCDDC-2689-43F0-86AE-F16714EE7BC7}.Debug|Any CPU.Build.0 = Debug|Any CPU
		{8E5FCDDC-2689-43F0-86AE-F16714EE7BC7}.Release|Any CPU.ActiveCfg = Release|Any CPU
		{8E5FCDDC-2689-43F0-86AE-F16714EE7BC7}.Release|Any CPU.Build.0 = Release|Any CPU
	EndGlobalSection
	GlobalSection(SolutionProperties) = preSolution
		HideSolutionNode = FALSE
	EndGlobalSection
EndGlobal
