
Microsoft Visual Studio Solution File, Format Version 12.00
# Visual Studio 2013
VisualStudioVersion = 12.0.30501.0
MinimumVisualStudioVersion = 10.0.40219.1
Project("{FAE04EC0-301F-11D3-BF4B-00C04F79EFBC}") = "Hdnug.Web", "Hdnug.Web\Hdnug.Web.csproj", "{ED76609F-A3A0-4A9B-AC3A-F5ACF637A6EA}"
EndProject
Project("{FAE04EC0-301F-11D3-BF4B-00C04F79EFBC}") = "Hdnug.Web.Tests", "Hdnug.Web.Tests\Hdnug.Web.Tests.csproj", "{E0068B7D-76E3-4FFE-A053-C6FA3DEA57A8}"
EndProject
Project("{FAE04EC0-301F-11D3-BF4B-00C04F79EFBC}") = "Hdnug.Domain", "Hdnug.Domain\Hdnug.Domain.csproj", "{8E5FCDDC-2689-43F0-86AE-F16714EE7BC7}"
EndProject
Global
	GlobalSection(TeamFoundationVersionControl) = preSolution
		SccNumberOfProjects = 4
		SccEnterpriseProvider = {4CA58AB2-18FA-4F8D-95D4-32DDF27D184C}
		SccTeamFoundationServer = https://devbiker.visualstudio.com/defaultcollection
		SccLocalPath0 = .
		SccProjectUniqueName1 = Hdnug.Web\\Hdnug.Web.csproj
		SccProjectName1 = Hdnug.Web
		SccLocalPath1 = Hdnug.Web
		SccProjectUniqueName2 = Hdnug.Web.Tests\\Hdnug.Web.Tests.csproj
		SccProjectName2 = Hdnug.Web.Tests
		SccLocalPath2 = Hdnug.Web.Tests
		SccProjectUniqueName3 = Hdnug.Domain\\Hdnug.Domain.csproj
		SccProjectName3 = Hdnug.Domain
		SccLocalPath3 = Hdnug.Domain
	EndGlobalSection
	GlobalSection(SolutionConfigurationPlatforms) = preSolution
		Debug|Any CPU = Debug|Any CPU
		Release|Any CPU = Release|Any CPU
	EndGlobalSection
	GlobalSection(ProjectConfigurationPlatforms) = postSolution
		{ED76609F-A3A0-4A9B-AC3A-F5ACF637A6EA}.Debug|Any CPU.ActiveCfg = Debug|Any CPU
		{ED76609F-A3A0-4A9B-AC3A-F5ACF637A6EA}.Debug|Any CPU.Build.0 = Debug|Any CPU
		{ED76609F-A3A0-4A9B-AC3A-F5ACF637A6EA}.Release|Any CPU.ActiveCfg = Release|Any CPU
		{ED76609F-A3A0-4A9B-AC3A-F5ACF637A6EA}.Release|Any CPU.Build.0 = Release|Any CPU
		{E0068B7D-76E3-4FFE-A053-C6FA3DEA57A8}.Debug|Any CPU.ActiveCfg = Debug|Any CPU
		{E0068B7D-76E3-4FFE-A053-C6FA3DEA57A8}.Debug|Any CPU.Build.0 = Debug|Any CPU
		{E0068B7D-76E3-4FFE-A053-C6FA3DEA57A8}.Release|Any CPU.ActiveCfg = Release|Any CPU
		{E0068B7D-76E3-4FFE-A053-C6FA3DEA57A8}.Release|Any CPU.Build.0 = Release|Any CPU
		{8E5FCDDC-2689-43F0-86AE-F16714EE7BC7}.Debug|Any CPU.ActiveCfg = Debug|Any CPU
		{8E5FCDDC-2689-43F0-86AE-F16714EE7BC7}.Debug|Any CPU.Build.0 = Debug|Any CPU
		{8E5FCDDC-2689-43F0-86AE-F16714EE7BC7}.Release|Any CPU.ActiveCfg = Release|Any CPU
		{8E5FCDDC-2689-43F0-86AE-F16714EE7BC7}.Release|Any CPU.Build.0 = Release|Any CPU
	EndGlobalSection
	GlobalSection(SolutionProperties) = preSolution
		HideSolutionNode = FALSE
	EndGlobalSection
EndGlobal
